# This file was autogenerated by Stack.
# You should not edit this file by hand.
# For more information, please see the documentation at:
#   https://docs.haskellstack.org/en/stable/lock_files

packages:
- completed:
    hackage: lens-4.18.1@sha256:21ce297d6fef1805a8347393abcc931c30e007b96919794388e9f90e570a4baa,15972
    pantry-tree:
      size: 8253
      sha256: 842ecc5002ff96a196f6f85ee82aedf64e3d8c1dac8dba3ce2f7f46451f074c4
  original:
    hackage: lens-4.18.1
snapshots:
- completed:
    size: 534126
    url: https://raw.githubusercontent.com/commercialhaskell/stackage-snapshots/master/lts/16/31.yaml
    sha256: 637fb77049b25560622a224845b7acfe81a09fdb6a96a3c75997a10b651667f6
  original:
    url: https://raw.githubusercontent.com/commercialhaskell/stackage-snapshots/master/lts/16/31.yaml
